
Microsoft Visual Studio Solution File, Format Version 12.00
# Visual Studio Version 17
VisualStudioVersion = 17.14.36221.1
MinimumVisualStudioVersion = 10.0.40219.1
Project("{2150E333-8FDC-42A3-9474-1A3956D46DE8}") = "src", "src", "{02EA681E-C7D8-13C7-8484-4AC65E1B71E8}"
EndProject
Project("{2150E333-8FDC-42A3-9474-1A3956D46DE8}") = "building blocks", "building blocks", "{CA8EC920-EBBF-4A2E-8236-EBFFC4EBB996}"
EndProject
Project("{2150E333-8FDC-42A3-9474-1A3956D46DE8}") = "services", "services", "{8C838A85-824B-406A-9F97-33BF74A6E5ED}"
EndProject
Project("{2150E333-8FDC-42A3-9474-1A3956D46DE8}") = "web", "web", "{0260A961-9CF5-47D2-9CD1-CBC5FA304757}"
EndProject
Project("{2150E333-8FDC-42A3-9474-1A3956D46DE8}") = "Identidade", "Identidade", "{D5E521C0-C18F-4DC6-9ECD-D8661DB3F6B1}"
EndProject
Project("{FAE04EC0-301F-11D3-BF4B-00C04F79EFBC}") = "SE.Identidade.API", "src\services\SE.Identidade.API\SE.Identidade.API.csproj", "{E5305039-7228-4B31-A83E-3066D16EC5C5}"
EndProject
Project("{FAE04EC0-301F-11D3-BF4B-00C04F79EFBC}") = "SE.WebApp.MVC", "src\web\SE.WebApp.MVC\SE.WebApp.MVC.csproj", "{D3A5091C-7A76-463E-A5E3-D0125D73727B}"
EndProject
Project("{2150E333-8FDC-42A3-9474-1A3956D46DE8}") = "Core", "Core", "{316FD4D0-8457-43ED-B041-9AA84857ABDD}"
EndProject
Project("{FAE04EC0-301F-11D3-BF4B-00C04F79EFBC}") = "SE.Core", "src\building blocks\SE.Core\SE.Core.csproj", "{C5EA6D50-8CD8-420A-A5F1-307F05CFD1FA}"
EndProject
Project("{2150E333-8FDC-42A3-9474-1A3956D46DE8}") = "Carrinho", "Carrinho", "{CC5428D8-8323-432D-ABFC-AAF35D74FF18}"
EndProject
Project("{2150E333-8FDC-42A3-9474-1A3956D46DE8}") = "Catalogo", "Catalogo", "{E1DE3E4E-E00B-4DE6-8134-1168D07DF5F4}"
EndProject
Project("{2150E333-8FDC-42A3-9474-1A3956D46DE8}") = "Cliente", "Cliente", "{2EC14983-019C-4B61-A0D7-038EB1D44E9A}"
EndProject
Project("{2150E333-8FDC-42A3-9474-1A3956D46DE8}") = "Pagamento", "Pagamento", "{C17DEF5E-C29B-4F21-AE44-0B9D79D94FF6}"
EndProject
Project("{2150E333-8FDC-42A3-9474-1A3956D46DE8}") = "Pedido", "Pedido", "{BA448E98-1253-4ECC-8A20-89BE7C79E432}"
EndProject
Project("{FAE04EC0-301F-11D3-BF4B-00C04F79EFBC}") = "SE.Carrinho.API", "src\services\SE.Carrinho.API\SE.Carrinho.API.csproj", "{D09846F2-F4F1-440B-AA28-DC06FEEA61E5}"
EndProject
Project("{FAE04EC0-301F-11D3-BF4B-00C04F79EFBC}") = "SE.Catalogo.API", "src\services\SE.Catalogo.API\SE.Catalogo.API.csproj", "{6CDB65B3-3038-4397-AFB6-01A66680D8D2}"
EndProject
Project("{FAE04EC0-301F-11D3-BF4B-00C04F79EFBC}") = "SE.Cliente.API", "src\services\SE.Cliente.API\SE.Cliente.API.csproj", "{7B88581A-A7C5-4C68-AFFC-3301635222D3}"
EndProject
Project("{FAE04EC0-301F-11D3-BF4B-00C04F79EFBC}") = "SE.Pagamento.API", "src\services\SE.Pagamento.API\SE.Pagamento.API.csproj", "{0AE8F095-410A-44A8-BCEE-536D7DEE4EB5}"
EndProject
Project("{FAE04EC0-301F-11D3-BF4B-00C04F79EFBC}") = "SE.Pedido.API", "src\services\SE.Pedido.API\SE.Pedido.API.csproj", "{FBB98854-A3AC-4E64-99E3-747A3AE07E8F}"
EndProject
Global
	GlobalSection(SolutionConfigurationPlatforms) = preSolution
		Debug|Any CPU = Debug|Any CPU
		Release|Any CPU = Release|Any CPU
	EndGlobalSection
	GlobalSection(ProjectConfigurationPlatforms) = postSolution
		{E5305039-7228-4B31-A83E-3066D16EC5C5}.Debug|Any CPU.ActiveCfg = Debug|Any CPU
		{E5305039-7228-4B31-A83E-3066D16EC5C5}.Debug|Any CPU.Build.0 = Debug|Any CPU
		{E5305039-7228-4B31-A83E-3066D16EC5C5}.Release|Any CPU.ActiveCfg = Release|Any CPU
		{E5305039-7228-4B31-A83E-3066D16EC5C5}.Release|Any CPU.Build.0 = Release|Any CPU
		{D3A5091C-7A76-463E-A5E3-D0125D73727B}.Debug|Any CPU.ActiveCfg = Debug|Any CPU
		{D3A5091C-7A76-463E-A5E3-D0125D73727B}.Debug|Any CPU.Build.0 = Debug|Any CPU
		{D3A5091C-7A76-463E-A5E3-D0125D73727B}.Release|Any CPU.ActiveCfg = Release|Any CPU
		{D3A5091C-7A76-463E-A5E3-D0125D73727B}.Release|Any CPU.Build.0 = Release|Any CPU
		{C5EA6D50-8CD8-420A-A5F1-307F05CFD1FA}.Debug|Any CPU.ActiveCfg = Debug|Any CPU
		{C5EA6D50-8CD8-420A-A5F1-307F05CFD1FA}.Debug|Any CPU.Build.0 = Debug|Any CPU
		{C5EA6D50-8CD8-420A-A5F1-307F05CFD1FA}.Release|Any CPU.ActiveCfg = Release|Any CPU
		{C5EA6D50-8CD8-420A-A5F1-307F05CFD1FA}.Release|Any CPU.Build.0 = Release|Any CPU
		{D09846F2-F4F1-440B-AA28-DC06FEEA61E5}.Debug|Any CPU.ActiveCfg = Debug|Any CPU
		{D09846F2-F4F1-440B-AA28-DC06FEEA61E5}.Debug|Any CPU.Build.0 = Debug|Any CPU
		{D09846F2-F4F1-440B-AA28-DC06FEEA61E5}.Release|Any CPU.ActiveCfg = Release|Any CPU
		{D09846F2-F4F1-440B-AA28-DC06FEEA61E5}.Release|Any CPU.Build.0 = Release|Any CPU
		{6CDB65B3-3038-4397-AFB6-01A66680D8D2}.Debug|Any CPU.ActiveCfg = Debug|Any CPU
		{6CDB65B3-3038-4397-AFB6-01A66680D8D2}.Debug|Any CPU.Build.0 = Debug|Any CPU
		{6CDB65B3-3038-4397-AFB6-01A66680D8D2}.Release|Any CPU.ActiveCfg = Release|Any CPU
		{6CDB65B3-3038-4397-AFB6-01A66680D8D2}.Release|Any CPU.Build.0 = Release|Any CPU
		{7B88581A-A7C5-4C68-AFFC-3301635222D3}.Debug|Any CPU.ActiveCfg = Debug|Any CPU
		{7B88581A-A7C5-4C68-AFFC-3301635222D3}.Debug|Any CPU.Build.0 = Debug|Any CPU
		{7B88581A-A7C5-4C68-AFFC-3301635222D3}.Release|Any CPU.ActiveCfg = Release|Any CPU
		{7B88581A-A7C5-4C68-AFFC-3301635222D3}.Release|Any CPU.Build.0 = Release|Any CPU
		{0AE8F095-410A-44A8-BCEE-536D7DEE4EB5}.Debug|Any CPU.ActiveCfg = Debug|Any CPU
		{0AE8F095-410A-44A8-BCEE-536D7DEE4EB5}.Debug|Any CPU.Build.0 = Debug|Any CPU
		{0AE8F095-410A-44A8-BCEE-536D7DEE4EB5}.Release|Any CPU.ActiveCfg = Release|Any CPU
		{0AE8F095-410A-44A8-BCEE-536D7DEE4EB5}.Release|Any CPU.Build.0 = Release|Any CPU
		{FBB98854-A3AC-4E64-99E3-747A3AE07E8F}.Debug|Any CPU.ActiveCfg = Debug|Any CPU
		{FBB98854-A3AC-4E64-99E3-747A3AE07E8F}.Debug|Any CPU.Build.0 = Debug|Any CPU
		{FBB98854-A3AC-4E64-99E3-747A3AE07E8F}.Release|Any CPU.ActiveCfg = Release|Any CPU
		{FBB98854-A3AC-4E64-99E3-747A3AE07E8F}.Release|Any CPU.Build.0 = Release|Any CPU
	EndGlobalSection
	GlobalSection(SolutionProperties) = preSolution
		HideSolutionNode = FALSE
	EndGlobalSection
	GlobalSection(NestedProjects) = preSolution
		{CA8EC920-EBBF-4A2E-8236-EBFFC4EBB996} = {02EA681E-C7D8-13C7-8484-4AC65E1B71E8}
		{8C838A85-824B-406A-9F97-33BF74A6E5ED} = {02EA681E-C7D8-13C7-8484-4AC65E1B71E8}
		{0260A961-9CF5-47D2-9CD1-CBC5FA304757} = {02EA681E-C7D8-13C7-8484-4AC65E1B71E8}
		{D5E521C0-C18F-4DC6-9ECD-D8661DB3F6B1} = {8C838A85-824B-406A-9F97-33BF74A6E5ED}
		{E5305039-7228-4B31-A83E-3066D16EC5C5} = {D5E521C0-C18F-4DC6-9ECD-D8661DB3F6B1}
		{D3A5091C-7A76-463E-A5E3-D0125D73727B} = {0260A961-9CF5-47D2-9CD1-CBC5FA304757}
		{316FD4D0-8457-43ED-B041-9AA84857ABDD} = {CA8EC920-EBBF-4A2E-8236-EBFFC4EBB996}
		{C5EA6D50-8CD8-420A-A5F1-307F05CFD1FA} = {316FD4D0-8457-43ED-B041-9AA84857ABDD}
		{CC5428D8-8323-432D-ABFC-AAF35D74FF18} = {8C838A85-824B-406A-9F97-33BF74A6E5ED}
		{E1DE3E4E-E00B-4DE6-8134-1168D07DF5F4} = {8C838A85-824B-406A-9F97-33BF74A6E5ED}
		{2EC14983-019C-4B61-A0D7-038EB1D44E9A} = {8C838A85-824B-406A-9F97-33BF74A6E5ED}
		{C17DEF5E-C29B-4F21-AE44-0B9D79D94FF6} = {8C838A85-824B-406A-9F97-33BF74A6E5ED}
		{BA448E98-1253-4ECC-8A20-89BE7C79E432} = {8C838A85-824B-406A-9F97-33BF74A6E5ED}
		{D09846F2-F4F1-440B-AA28-DC06FEEA61E5} = {CC5428D8-8323-432D-ABFC-AAF35D74FF18}
		{6CDB65B3-3038-4397-AFB6-01A66680D8D2} = {E1DE3E4E-E00B-4DE6-8134-1168D07DF5F4}
		{7B88581A-A7C5-4C68-AFFC-3301635222D3} = {2EC14983-019C-4B61-A0D7-038EB1D44E9A}
		{0AE8F095-410A-44A8-BCEE-536D7DEE4EB5} = {C17DEF5E-C29B-4F21-AE44-0B9D79D94FF6}
		{FBB98854-A3AC-4E64-99E3-747A3AE07E8F} = {BA448E98-1253-4ECC-8A20-89BE7C79E432}
	EndGlobalSection
	GlobalSection(ExtensibilityGlobals) = postSolution
		SolutionGuid = {29F54964-F938-4B3E-8655-BF05BD0D1FA9}
	EndGlobalSection
EndGlobal
